// !$*UTF8*$!
{
	archiveVersion = 1;
	classes = {
	};
	objectVersion = 56;
	objects = {

/* Begin PBXBuildFile section */
		3F0EE6EE2AFA31EE008DAD69 /* MemoGameModel.swift in Sources */ = {isa = PBXBuildFile; fileRef = 3F0EE6ED2AFA31EE008DAD69 /* MemoGameModel.swift */; };
		3F0EE6F02AFA3868008DAD69 /* MemoGameViewModel.swift in Sources */ = {isa = PBXBuildFile; fileRef = 3F0EE6EF2AFA3868008DAD69 /* MemoGameViewModel.swift */; };
		3FB99A322AD5456200DCDA30 /* lab3App.swift in Sources */ = {isa = PBXBuildFile; fileRef = 3FB99A312AD5456200DCDA30 /* lab3App.swift */; };
		3FB99A342AD5456200DCDA30 /* ContentView.swift in Sources */ = {isa = PBXBuildFile; fileRef = 3FB99A332AD5456200DCDA30 /* ContentView.swift */; };
		3FB99A362AD5456300DCDA30 /* Assets.xcassets in Resources */ = {isa = PBXBuildFile; fileRef = 3FB99A352AD5456300DCDA30 /* Assets.xcassets */; };
		3FB99A392AD5456300DCDA30 /* Preview Assets.xcassets in Resources */ = {isa = PBXBuildFile; fileRef = 3FB99A382AD5456300DCDA30 /* Preview Assets.xcassets */; };
		3FB99A432AD5456300DCDA30 /* lab3Tests.swift in Sources */ = {isa = PBXBuildFile; fileRef = 3FB99A422AD5456300DCDA30 /* lab3Tests.swift */; };
		3FB99A4D2AD5456300DCDA30 /* lab3UITests.swift in Sources */ = {isa = PBXBuildFile; fileRef = 3FB99A4C2AD5456300DCDA30 /* lab3UITests.swift */; };
		3FB99A4F2AD5456300DCDA30 /* lab3UITestsLaunchTests.swift in Sources */ = {isa = PBXBuildFile; fileRef = 3FB99A4E2AD5456300DCDA30 /* lab3UITestsLaunchTests.swift */; };
		3FB99A5C2AD545CC00DCDA30 /* CardView.swift in Sources */ = {isa = PBXBuildFile; fileRef = 3FB99A5B2AD545CC00DCDA30 /* CardView.swift */; };
		3FC731EA2B2857A700CBF504 /* FlyingNumber.swift in Sources */ = {isa = PBXBuildFile; fileRef = 3FC731E92B2857A700CBF504 /* FlyingNumber.swift */; };
		3FC731EC2B28586A00CBF504 /* TransformIntoCard.swift in Sources */ = {isa = PBXBuildFile; fileRef = 3FC731EB2B28586A00CBF504 /* TransformIntoCard.swift */; };
		3FE3E89E2B15EC180040691A /* CirclePart.swift in Sources */ = {isa = PBXBuildFile; fileRef = 3FE3E89D2B15EC180040691A /* CirclePart.swift */; };
		3FE52D062ADE7DBB00EFB437 /* ThemeButtonView.swift in Sources */ = {isa = PBXBuildFile; fileRef = 3FE52D052ADE7DBB00EFB437 /* ThemeButtonView.swift */; };
/* End PBXBuildFile section */

/* Begin PBXContainerItemProxy section */
		3FB99A3F2AD5456300DCDA30 /* PBXContainerItemProxy */ = {
			isa = PBXContainerItemProxy;
			containerPortal = 3FB99A262AD5456200DCDA30 /* Project object */;
			proxyType = 1;
			remoteGlobalIDString = 3FB99A2D2AD5456200DCDA30;
			remoteInfo = lab3;
		};
		3FB99A492AD5456300DCDA30 /* PBXContainerItemProxy */ = {
			isa = PBXContainerItemProxy;
			containerPortal = 3FB99A262AD5456200DCDA30 /* Project object */;
			proxyType = 1;
			remoteGlobalIDString = 3FB99A2D2AD5456200DCDA30;
			remoteInfo = lab3;
		};
/* End PBXContainerItemProxy section */

/* Begin PBXFileReference section */
		3F0EE6ED2AFA31EE008DAD69 /* MemoGameModel.swift */ = {isa = PBXFileReference; lastKnownFileType = sourcecode.swift; path = MemoGameModel.swift; sourceTree = "<group>"; };
		3F0EE6EF2AFA3868008DAD69 /* MemoGameViewModel.swift */ = {isa = PBXFileReference; lastKnownFileType = sourcecode.swift; path = MemoGameViewModel.swift; sourceTree = "<group>"; };
		3FB99A2E2AD5456200DCDA30 /* lab3.app */ = {isa = PBXFileReference; explicitFileType = wrapper.application; includeInIndex = 0; path = lab3.app; sourceTree = BUILT_PRODUCTS_DIR; };
		3FB99A312AD5456200DCDA30 /* lab3App.swift */ = {isa = PBXFileReference; lastKnownFileType = sourcecode.swift; path = lab3App.swift; sourceTree = "<group>"; };
		3FB99A332AD5456200DCDA30 /* ContentView.swift */ = {isa = PBXFileReference; lastKnownFileType = sourcecode.swift; path = ContentView.swift; sourceTree = "<group>"; };
		3FB99A352AD5456300DCDA30 /* Assets.xcassets */ = {isa = PBXFileReference; lastKnownFileType = folder.assetcatalog; path = Assets.xcassets; sourceTree = "<group>"; };
		3FB99A382AD5456300DCDA30 /* Preview Assets.xcassets */ = {isa = PBXFileReference; lastKnownFileType = folder.assetcatalog; path = "Preview Assets.xcassets"; sourceTree = "<group>"; };
		3FB99A3E2AD5456300DCDA30 /* lab3Tests.xctest */ = {isa = PBXFileReference; explicitFileType = wrapper.cfbundle; includeInIndex = 0; path = lab3Tests.xctest; sourceTree = BUILT_PRODUCTS_DIR; };
		3FB99A422AD5456300DCDA30 /* lab3Tests.swift */ = {isa = PBXFileReference; lastKnownFileType = sourcecode.swift; path = lab3Tests.swift; sourceTree = "<group>"; };
		3FB99A482AD5456300DCDA30 /* lab3UITests.xctest */ = {isa = PBXFileReference; explicitFileType = wrapper.cfbundle; includeInIndex = 0; path = lab3UITests.xctest; sourceTree = BUILT_PRODUCTS_DIR; };
		3FB99A4C2AD5456300DCDA30 /* lab3UITests.swift */ = {isa = PBXFileReference; lastKnownFileType = sourcecode.swift; path = lab3UITests.swift; sourceTree = "<group>"; };
		3FB99A4E2AD5456300DCDA30 /* lab3UITestsLaunchTests.swift */ = {isa = PBXFileReference; lastKnownFileType = sourcecode.swift; path = lab3UITestsLaunchTests.swift; sourceTree = "<group>"; };
		3FB99A5B2AD545CC00DCDA30 /* CardView.swift */ = {isa = PBXFileReference; lastKnownFileType = sourcecode.swift; path = CardView.swift; sourceTree = "<group>"; };
		3FC731E92B2857A700CBF504 /* FlyingNumber.swift */ = {isa = PBXFileReference; lastKnownFileType = sourcecode.swift; path = FlyingNumber.swift; sourceTree = "<group>"; };
		3FC731EB2B28586A00CBF504 /* TransformIntoCard.swift */ = {isa = PBXFileReference; lastKnownFileType = sourcecode.swift; path = TransformIntoCard.swift; sourceTree = "<group>"; };
		3FE3E89D2B15EC180040691A /* CirclePart.swift */ = {isa = PBXFileReference; lastKnownFileType = sourcecode.swift; path = CirclePart.swift; sourceTree = "<group>"; };
		3FE52D052ADE7DBB00EFB437 /* ThemeButtonView.swift */ = {isa = PBXFileReference; lastKnownFileType = sourcecode.swift; path = ThemeButtonView.swift; sourceTree = "<group>"; };
/* End PBXFileReference section */

/* Begin PBXFrameworksBuildPhase section */
		3FB99A2B2AD5456200DCDA30 /* Frameworks */ = {
			isa = PBXFrameworksBuildPhase;
			buildActionMask = 2147483647;
			files = (
			);
			runOnlyForDeploymentPostprocessing = 0;
		};
		3FB99A3B2AD5456300DCDA30 /* Frameworks */ = {
			isa = PBXFrameworksBuildPhase;
			buildActionMask = 2147483647;
			files = (
			);
			runOnlyForDeploymentPostprocessing = 0;
		};
		3FB99A452AD5456300DCDA30 /* Frameworks */ = {
			isa = PBXFrameworksBuildPhase;
			buildActionMask = 2147483647;
			files = (
			);
			runOnlyForDeploymentPostprocessing = 0;
		};
/* End PBXFrameworksBuildPhase section */

/* Begin PBXGroup section */
		3FB99A252AD5456200DCDA30 = {
			isa = PBXGroup;
			children = (
				3FB99A302AD5456200DCDA30 /* lab3 */,
				3FB99A412AD5456300DCDA30 /* lab3Tests */,
				3FB99A4B2AD5456300DCDA30 /* lab3UITests */,
				3FB99A2F2AD5456200DCDA30 /* Products */,
			);
			sourceTree = "<group>";
		};
		3FB99A2F2AD5456200DCDA30 /* Products */ = {
			isa = PBXGroup;
			children = (
				3FB99A2E2AD5456200DCDA30 /* lab3.app */,
				3FB99A3E2AD5456300DCDA30 /* lab3Tests.xctest */,
				3FB99A482AD5456300DCDA30 /* lab3UITests.xctest */,
			);
			name = Products;
			sourceTree = "<group>";
		};
		3FB99A302AD5456200DCDA30 /* lab3 */ = {
			isa = PBXGroup;
			children = (
				3FE3E89D2B15EC180040691A /* CirclePart.swift */,
				3FB99A312AD5456200DCDA30 /* lab3App.swift */,
				3FB99A332AD5456200DCDA30 /* ContentView.swift */,
				3FB99A352AD5456300DCDA30 /* Assets.xcassets */,
				3FB99A372AD5456300DCDA30 /* Preview Content */,
				3FB99A5B2AD545CC00DCDA30 /* CardView.swift */,
				3FE52D052ADE7DBB00EFB437 /* ThemeButtonView.swift */,
				3F0EE6ED2AFA31EE008DAD69 /* MemoGameModel.swift */,
				3F0EE6EF2AFA3868008DAD69 /* MemoGameViewModel.swift */,
				3FC731E92B2857A700CBF504 /* FlyingNumber.swift */,
				3FC731EB2B28586A00CBF504 /* TransformIntoCard.swift */,
			);
			path = lab3;
			sourceTree = "<group>";
		};
		3FB99A372AD5456300DCDA30 /* Preview Content */ = {
			isa = PBXGroup;
			children = (
				3FB99A382AD5456300DCDA30 /* Preview Assets.xcassets */,
			);
			path = "Preview Content";
			sourceTree = "<group>";
		};
		3FB99A412AD5456300DCDA30 /* lab3Tests */ = {
			isa = PBXGroup;
			children = (
				3FB99A422AD5456300DCDA30 /* lab3Tests.swift */,
			);
			path = lab3Tests;
			sourceTree = "<group>";
		};
		3FB99A4B2AD5456300DCDA30 /* lab3UITests */ = {
			isa = PBXGroup;
			children = (
				3FB99A4C2AD5456300DCDA30 /* lab3UITests.swift */,
				3FB99A4E2AD5456300DCDA30 /* lab3UITestsLaunchTests.swift */,
			);
			path = lab3UITests;
			sourceTree = "<group>";
		};
/* End PBXGroup section */

/* Begin PBXNativeTarget section */
		3FB99A2D2AD5456200DCDA30 /* lab3 */ = {
			isa = PBXNativeTarget;
			buildConfigurationList = 3FB99A522AD5456300DCDA30 /* Build configuration list for PBXNativeTarget "lab3" */;
			buildPhases = (
				3FB99A2A2AD5456200DCDA30 /* Sources */,
				3FB99A2B2AD5456200DCDA30 /* Frameworks */,
				3FB99A2C2AD5456200DCDA30 /* Resources */,
			);
			buildRules = (
			);
			dependencies = (
			);
			name = lab3;
			productName = lab3;
			productReference = 3FB99A2E2AD5456200DCDA30 /* lab3.app */;
			productType = "com.apple.product-type.application";
		};
		3FB99A3D2AD5456300DCDA30 /* lab3Tests */ = {
			isa = PBXNativeTarget;
			buildConfigurationList = 3FB99A552AD5456300DCDA30 /* Build configuration list for PBXNativeTarget "lab3Tests" */;
			buildPhases = (
				3FB99A3A2AD5456300DCDA30 /* Sources */,
				3FB99A3B2AD5456300DCDA30 /* Frameworks */,
				3FB99A3C2AD5456300DCDA30 /* Resources */,
			);
			buildRules = (
			);
			dependencies = (
				3FB99A402AD5456300DCDA30 /* PBXTargetDependency */,
			);
			name = lab3Tests;
			productName = lab3Tests;
			productReference = 3FB99A3E2AD5456300DCDA30 /* lab3Tests.xctest */;
			productType = "com.apple.product-type.bundle.unit-test";
		};
		3FB99A472AD5456300DCDA30 /* lab3UITests */ = {
			isa = PBXNativeTarget;
			buildConfigurationList = 3FB99A582AD5456300DCDA30 /* Build configuration list for PBXNativeTarget "lab3UITests" */;
			buildPhases = (
				3FB99A442AD5456300DCDA30 /* Sources */,
				3FB99A452AD5456300DCDA30 /* Frameworks */,
				3FB99A462AD5456300DCDA30 /* Resources */,
			);
			buildRules = (
			);
			dependencies = (
				3FB99A4A2AD5456300DCDA30 /* PBXTargetDependency */,
			);
			name = lab3UITests;
			productName = lab3UITests;
			productReference = 3FB99A482AD5456300DCDA30 /* lab3UITests.xctest */;
			productType = "com.apple.product-type.bundle.ui-testing";
		};
/* End PBXNativeTarget section */

/* Begin PBXProject section */
		3FB99A262AD5456200DCDA30 /* Project object */ = {
			isa = PBXProject;
			attributes = {
				BuildIndependentTargetsInParallel = 1;
				LastSwiftUpdateCheck = 1500;
				LastUpgradeCheck = 1500;
				TargetAttributes = {
					3FB99A2D2AD5456200DCDA30 = {
						CreatedOnToolsVersion = 15.0;
					};
					3FB99A3D2AD5456300DCDA30 = {
						CreatedOnToolsVersion = 15.0;
						TestTargetID = 3FB99A2D2AD5456200DCDA30;
					};
					3FB99A472AD5456300DCDA30 = {
						CreatedOnToolsVersion = 15.0;
						TestTargetID = 3FB99A2D2AD5456200DCDA30;
					};
				};
			};
			buildConfigurationList = 3FB99A292AD5456200DCDA30 /* Build configuration list for PBXProject "lab3" */;
			compatibilityVersion = "Xcode 14.0";
			developmentRegion = en;
			hasScannedForEncodings = 0;
			knownRegions = (
				en,
				Base,
			);
			mainGroup = 3FB99A252AD5456200DCDA30;
			productRefGroup = 3FB99A2F2AD5456200DCDA30 /* Products */;
			projectDirPath = "";
			projectRoot = "";
			targets = (
				3FB99A2D2AD5456200DCDA30 /* lab3 */,
				3FB99A3D2AD5456300DCDA30 /* lab3Tests */,
				3FB99A472AD5456300DCDA30 /* lab3UITests */,
			);
		};
/* End PBXProject section */

/* Begin PBXResourcesBuildPhase section */
		3FB99A2C2AD5456200DCDA30 /* Resources */ = {
			isa = PBXResourcesBuildPhase;
			buildActionMask = 2147483647;
			files = (
				3FB99A392AD5456300DCDA30 /* Preview Assets.xcassets in Resources */,
				3FB99A362AD5456300DCDA30 /* Assets.xcassets in Resources */,
			);
			runOnlyForDeploymentPostprocessing = 0;
		};
		3FB99A3C2AD5456300DCDA30 /* Resources */ = {
			isa = PBXResourcesBuildPhase;
			buildActionMask = 2147483647;
			files = (
			);
			runOnlyForDeploymentPostprocessing = 0;
		};
		3FB99A462AD5456300DCDA30 /* Resources */ = {
			isa = PBXResourcesBuildPhase;
			buildActionMask = 2147483647;
			files = (
			);
			runOnlyForDeploymentPostprocessing = 0;
		};
/* End PBXResourcesBuildPhase section */

/* Begin PBXSourcesBuildPhase section */
		3FB99A2A2AD5456200DCDA30 /* Sources */ = {
			isa = PBXSourcesBuildPhase;
			buildActionMask = 2147483647;
			files = (
				3F0EE6EE2AFA31EE008DAD69 /* MemoGameModel.swift in Sources */,
				3FB99A342AD5456200DCDA30 /* ContentView.swift in Sources */,
				3FE3E89E2B15EC180040691A /* CirclePart.swift in Sources */,
				3F0EE6F02AFA3868008DAD69 /* MemoGameViewModel.swift in Sources */,
				3FB99A5C2AD545CC00DCDA30 /* CardView.swift in Sources */,
				3FC731EC2B28586A00CBF504 /* TransformIntoCard.swift in Sources */,
				3FE52D062ADE7DBB00EFB437 /* ThemeButtonView.swift in Sources */,
				3FB99A322AD5456200DCDA30 /* lab3App.swift in Sources */,
				3FC731EA2B2857A700CBF504 /* FlyingNumber.swift in Sources */,
			);
			runOnlyForDeploymentPostprocessing = 0;
		};
		3FB99A3A2AD5456300DCDA30 /* Sources */ = {
			isa = PBXSourcesBuildPhase;
			buildActionMask = 2147483647;
			files = (
				3FB99A432AD5456300DCDA30 /* lab3Tests.swift in Sources */,
			);
			runOnlyForDeploymentPostprocessing = 0;
		};
		3FB99A442AD5456300DCDA30 /* Sources */ = {
			isa = PBXSourcesBuildPhase;
			buildActionMask = 2147483647;
			files = (
				3FB99A4F2AD5456300DCDA30 /* lab3UITestsLaunchTests.swift in Sources */,
				3FB99A4D2AD5456300DCDA30 /* lab3UITests.swift in Sources */,
			);
			runOnlyForDeploymentPostprocessing = 0;
		};
/* End PBXSourcesBuildPhase section */

/* Begin PBXTargetDependency section */
		3FB99A402AD5456300DCDA30 /* PBXTargetDependency */ = {
			isa = PBXTargetDependency;
			target = 3FB99A2D2AD5456200DCDA30 /* lab3 */;
			targetProxy = 3FB99A3F2AD5456300DCDA30 /* PBXContainerItemProxy */;
		};
		3FB99A4A2AD5456300DCDA30 /* PBXTargetDependency */ = {
			isa = PBXTargetDependency;
			target = 3FB99A2D2AD5456200DCDA30 /* lab3 */;
			targetProxy = 3FB99A492AD5456300DCDA30 /* PBXContainerItemProxy */;
		};
/* End PBXTargetDependency section */

/* Begin XCBuildConfiguration section */
		3FB99A502AD5456300DCDA30 /* Debug */ = {
			isa = XCBuildConfiguration;
			buildSettings = {
				ALWAYS_SEARCH_USER_PATHS = NO;
				ASSETCATALOG_COMPILER_GENERATE_SWIFT_ASSET_SYMBOL_EXTENSIONS = YES;
				CLANG_ANALYZER_NONNULL = YES;
				CLANG_ANALYZER_NUMBER_OBJECT_CONVERSION = YES_AGGRESSIVE;
				CLANG_CXX_LANGUAGE_STANDARD = "gnu++20";
				CLANG_ENABLE_MODULES = YES;
				CLANG_ENABLE_OBJC_ARC = YES;
				CLANG_ENABLE_OBJC_WEAK = YES;
				CLANG_WARN_BLOCK_CAPTURE_AUTORELEASING = YES;
				CLANG_WARN_BOOL_CONVERSION = YES;
				CLANG_WARN_COMMA = YES;
				CLANG_WARN_CONSTANT_CONVERSION = YES;
				CLANG_WARN_DEPRECATED_OBJC_IMPLEMENTATIONS = YES;
				CLANG_WARN_DIRECT_OBJC_ISA_USAGE = YES_ERROR;
				CLANG_WARN_DOCUMENTATION_COMMENTS = YES;
				CLANG_WARN_EMPTY_BODY = YES;
				CLANG_WARN_ENUM_CONVERSION = YES;
				CLANG_WARN_INFINITE_RECURSION = YES;
				CLANG_WARN_INT_CONVERSION = YES;
				CLANG_WARN_NON_LITERAL_NULL_CONVERSION = YES;
				CLANG_WARN_OBJC_IMPLICIT_RETAIN_SELF = YES;
				CLANG_WARN_OBJC_LITERAL_CONVERSION = YES;
				CLANG_WARN_OBJC_ROOT_CLASS = YES_ERROR;
				CLANG_WARN_QUOTED_INCLUDE_IN_FRAMEWORK_HEADER = YES;
				CLANG_WARN_RANGE_LOOP_ANALYSIS = YES;
				CLANG_WARN_STRICT_PROTOTYPES = YES;
				CLANG_WARN_SUSPICIOUS_MOVE = YES;
				CLANG_WARN_UNGUARDED_AVAILABILITY = YES_AGGRESSIVE;
				CLANG_WARN_UNREACHABLE_CODE = YES;
				CLANG_WARN__DUPLICATE_METHOD_MATCH = YES;
				COPY_PHASE_STRIP = NO;
				DEBUG_INFORMATION_FORMAT = dwarf;
				ENABLE_STRICT_OBJC_MSGSEND = YES;
				ENABLE_TESTABILITY = YES;
				ENABLE_USER_SCRIPT_SANDBOXING = YES;
				GCC_C_LANGUAGE_STANDARD = gnu17;
				GCC_DYNAMIC_NO_PIC = NO;
				GCC_NO_COMMON_BLOCKS = YES;
				GCC_OPTIMIZATION_LEVEL = 0;
				GCC_PREPROCESSOR_DEFINITIONS = (
					"DEBUG=1",
					"$(inherited)",
				);
				GCC_WARN_64_TO_32_BIT_CONVERSION = YES;
				GCC_WARN_ABOUT_RETURN_TYPE = YES_ERROR;
				GCC_WARN_UNDECLARED_SELECTOR = YES;
				GCC_WARN_UNINITIALIZED_AUTOS = YES_AGGRESSIVE;
				GCC_WARN_UNUSED_FUNCTION = YES;
				GCC_WARN_UNUSED_VARIABLE = YES;
				IPHONEOS_DEPLOYMENT_TARGET = 17.0;
				LOCALIZATION_PREFERS_STRING_CATALOGS = YES;
				MTL_ENABLE_DEBUG_INFO = INCLUDE_SOURCE;
				MTL_FAST_MATH = YES;
				ONLY_ACTIVE_ARCH = YES;
				SDKROOT = iphoneos;
				SWIFT_ACTIVE_COMPILATION_CONDITIONS = "DEBUG $(inherited)";
				SWIFT_OPTIMIZATION_LEVEL = "-Onone";
			};
			name = Debug;
		};
		3FB99A512AD5456300DCDA30 /* Release */ = {
			isa = XCBuildConfiguration;
			buildSettings = {
				ALWAYS_SEARCH_USER_PATHS = NO;
				ASSETCATALOG_COMPILER_GENERATE_SWIFT_ASSET_SYMBOL_EXTENSIONS = YES;
				CLANG_ANALYZER_NONNULL = YES;
				CLANG_ANALYZER_NUMBER_OBJECT_CONVERSION = YES_AGGRESSIVE;
				CLANG_CXX_LANGUAGE_STANDARD = "gnu++20";
				CLANG_ENABLE_MODULES = YES;
				CLANG_ENABLE_OBJC_ARC = YES;
				CLANG_ENABLE_OBJC_WEAK = YES;
				CLANG_WARN_BLOCK_CAPTURE_AUTORELEASING = YES;
				CLANG_WARN_BOOL_CONVERSION = YES;
				CLANG_WARN_COMMA = YES;
				CLANG_WARN_CONSTANT_CONVERSION = YES;
				CLANG_WARN_DEPRECATED_OBJC_IMPLEMENTATIONS = YES;
				CLANG_WARN_DIRECT_OBJC_ISA_USAGE = YES_ERROR;
				CLANG_WARN_DOCUMENTATION_COMMENTS = YES;
				CLANG_WARN_EMPTY_BODY = YES;
				CLANG_WARN_ENUM_CONVERSION = YES;
				CLANG_WARN_INFINITE_RECURSION = YES;
				CLANG_WARN_INT_CONVERSION = YES;
				CLANG_WARN_NON_LITERAL_NULL_CONVERSION = YES;
				CLANG_WARN_OBJC_IMPLICIT_RETAIN_SELF = YES;
				CLANG_WARN_OBJC_LITERAL_CONVERSION = YES;
				CLANG_WARN_OBJC_ROOT_CLASS = YES_ERROR;
				CLANG_WARN_QUOTED_INCLUDE_IN_FRAMEWORK_HEADER = YES;
				CLANG_WARN_RANGE_LOOP_ANALYSIS = YES;
				CLANG_WARN_STRICT_PROTOTYPES = YES;
				CLANG_WARN_SUSPICIOUS_MOVE = YES;
				CLANG_WARN_UNGUARDED_AVAILABILITY = YES_AGGRESSIVE;
				CLANG_WARN_UNREACHABLE_CODE = YES;
				CLANG_WARN__DUPLICATE_METHOD_MATCH = YES;
				COPY_PHASE_STRIP = NO;
				DEBUG_INFORMATION_FORMAT = "dwarf-with-dsym";
				ENABLE_NS_ASSERTIONS = NO;
				ENABLE_STRICT_OBJC_MSGSEND = YES;
				ENABLE_USER_SCRIPT_SANDBOXING = YES;
				GCC_C_LANGUAGE_STANDARD = gnu17;
				GCC_NO_COMMON_BLOCKS = YES;
				GCC_WARN_64_TO_32_BIT_CONVERSION = YES;
				GCC_WARN_ABOUT_RETURN_TYPE = YES_ERROR;
				GCC_WARN_UNDECLARED_SELECTOR = YES;
				GCC_WARN_UNINITIALIZED_AUTOS = YES_AGGRESSIVE;
				GCC_WARN_UNUSED_FUNCTION = YES;
				GCC_WARN_UNUSED_VARIABLE = YES;
				IPHONEOS_DEPLOYMENT_TARGET = 17.0;
				LOCALIZATION_PREFERS_STRING_CATALOGS = YES;
				MTL_ENABLE_DEBUG_INFO = NO;
				MTL_FAST_MATH = YES;
				SDKROOT = iphoneos;
				SWIFT_COMPILATION_MODE = wholemodule;
				VALIDATE_PRODUCT = YES;
			};
			name = Release;
		};
		3FB99A532AD5456300DCDA30 /* Debug */ = {
			isa = XCBuildConfiguration;
			buildSettings = {
				ASSETCATALOG_COMPILER_APPICON_NAME = AppIcon;
				ASSETCATALOG_COMPILER_GLOBAL_ACCENT_COLOR_NAME = AccentColor;
				CODE_SIGN_STYLE = Automatic;
				CURRENT_PROJECT_VERSION = 1;
				DEVELOPMENT_ASSET_PATHS = "\"lab3/Preview Content\"";
				ENABLE_PREVIEWS = YES;
				GENERATE_INFOPLIST_FILE = YES;
				INFOPLIST_KEY_UIApplicationSceneManifest_Generation = YES;
				INFOPLIST_KEY_UIApplicationSupportsIndirectInputEvents = YES;
				INFOPLIST_KEY_UILaunchScreen_Generation = YES;
				INFOPLIST_KEY_UISupportedInterfaceOrientations_iPad = "UIInterfaceOrientationPortrait UIInterfaceOrientationPortraitUpsideDown UIInterfaceOrientationLandscapeLeft UIInterfaceOrientationLandscapeRight";
				INFOPLIST_KEY_UISupportedInterfaceOrientations_iPhone = "UIInterfaceOrientationPortrait UIInterfaceOrientationLandscapeLeft UIInterfaceOrientationLandscapeRight";
				LD_RUNPATH_SEARCH_PATHS = (
					"$(inherited)",
					"@executable_path/Frameworks",
				);
				MARKETING_VERSION = 1.0;
				PRODUCT_BUNDLE_IDENTIFIER = Lut.lab3;
				PRODUCT_NAME = "$(TARGET_NAME)";
				SWIFT_EMIT_LOC_STRINGS = YES;
				SWIFT_VERSION = 5.0;
				TARGETED_DEVICE_FAMILY = "1,2";
			};
			name = Debug;
		};
		3FB99A542AD5456300DCDA30 /* Release */ = {
			isa = XCBuildConfiguration;
			buildSettings = {
				ASSETCATALOG_COMPILER_APPICON_NAME = AppIcon;
				ASSETCATALOG_COMPILER_GLOBAL_ACCENT_COLOR_NAME = AccentColor;
				CODE_SIGN_STYLE = Automatic;
				CURRENT_PROJECT_VERSION = 1;
				DEVELOPMENT_ASSET_PATHS = "\"lab3/Preview Content\"";
				ENABLE_PREVIEWS = YES;
				GENERATE_INFOPLIST_FILE = YES;
				INFOPLIST_KEY_UIApplicationSceneManifest_Generation = YES;
				INFOPLIST_KEY_UIApplicationSupportsIndirectInputEvents = YES;
				INFOPLIST_KEY_UILaunchScreen_Generation = YES;
				INFOPLIST_KEY_UISupportedInterfaceOrientations_iPad = "UIInterfaceOrientationPortrait UIInterfaceOrientationPortraitUpsideDown UIInterfaceOrientationLandscapeLeft UIInterfaceOrientationLandscapeRight";
				INFOPLIST_KEY_UISupportedInterfaceOrientations_iPhone = "UIInterfaceOrientationPortrait UIInterfaceOrientationLandscapeLeft UIInterfaceOrientationLandscapeRight";
				LD_RUNPATH_SEARCH_PATHS = (
					"$(inherited)",
					"@executable_path/Frameworks",
				);
				MARKETING_VERSION = 1.0;
				PRODUCT_BUNDLE_IDENTIFIER = Lut.lab3;
				PRODUCT_NAME = "$(TARGET_NAME)";
				SWIFT_EMIT_LOC_STRINGS = YES;
				SWIFT_VERSION = 5.0;
				TARGETED_DEVICE_FAMILY = "1,2";
			};
			name = Release;
		};
		3FB99A562AD5456300DCDA30 /* Debug */ = {
			isa = XCBuildConfiguration;
			buildSettings = {
				ALWAYS_EMBED_SWIFT_STANDARD_LIBRARIES = YES;
				BUNDLE_LOADER = "$(TEST_HOST)";
				CODE_SIGN_STYLE = Automatic;
				CURRENT_PROJECT_VERSION = 1;
				GENERATE_INFOPLIST_FILE = YES;
				IPHONEOS_DEPLOYMENT_TARGET = 17.0;
				MARKETING_VERSION = 1.0;
				PRODUCT_BUNDLE_IDENTIFIER = Lut.lab3Tests;
				PRODUCT_NAME = "$(TARGET_NAME)";
				SWIFT_EMIT_LOC_STRINGS = NO;
				SWIFT_VERSION = 5.0;
				TARGETED_DEVICE_FAMILY = "1,2";
				TEST_HOST = "$(BUILT_PRODUCTS_DIR)/lab3.app/$(BUNDLE_EXECUTABLE_FOLDER_PATH)/lab3";
			};
			name = Debug;
		};
		3FB99A572AD5456300DCDA30 /* Release */ = {
			isa = XCBuildConfiguration;
			buildSettings = {
				ALWAYS_EMBED_SWIFT_STANDARD_LIBRARIES = YES;
				BUNDLE_LOADER = "$(TEST_HOST)";
				CODE_SIGN_STYLE = Automatic;
				CURRENT_PROJECT_VERSION = 1;
				GENERATE_INFOPLIST_FILE = YES;
				IPHONEOS_DEPLOYMENT_TARGET = 17.0;
				MARKETING_VERSION = 1.0;
				PRODUCT_BUNDLE_IDENTIFIER = Lut.lab3Tests;
				PRODUCT_NAME = "$(TARGET_NAME)";
				SWIFT_EMIT_LOC_STRINGS = NO;
				SWIFT_VERSION = 5.0;
				TARGETED_DEVICE_FAMILY = "1,2";
				TEST_HOST = "$(BUILT_PRODUCTS_DIR)/lab3.app/$(BUNDLE_EXECUTABLE_FOLDER_PATH)/lab3";
			};
			name = Release;
		};
		3FB99A592AD5456300DCDA30 /* Debug */ = {
			isa = XCBuildConfiguration;
			buildSettings = {
				ALWAYS_EMBED_SWIFT_STANDARD_LIBRARIES = YES;
				CODE_SIGN_STYLE = Automatic;
				CURRENT_PROJECT_VERSION = 1;
				GENERATE_INFOPLIST_FILE = YES;
				MARKETING_VERSION = 1.0;
				PRODUCT_BUNDLE_IDENTIFIER = Lut.lab3UITests;
				PRODUCT_NAME = "$(TARGET_NAME)";
				SWIFT_EMIT_LOC_STRINGS = NO;
				SWIFT_VERSION = 5.0;
				TARGETED_DEVICE_FAMILY = "1,2";
				TEST_TARGET_NAME = lab3;
			};
			name = Debug;
		};
		3FB99A5A2AD5456300DCDA30 /* Release */ = {
			isa = XCBuildConfiguration;
			buildSettings = {
				ALWAYS_EMBED_SWIFT_STANDARD_LIBRARIES = YES;
				CODE_SIGN_STYLE = Automatic;
				CURRENT_PROJECT_VERSION = 1;
				GENERATE_INFOPLIST_FILE = YES;
				MARKETING_VERSION = 1.0;
				PRODUCT_BUNDLE_IDENTIFIER = Lut.lab3UITests;
				PRODUCT_NAME = "$(TARGET_NAME)";
				SWIFT_EMIT_LOC_STRINGS = NO;
				SWIFT_VERSION = 5.0;
				TARGETED_DEVICE_FAMILY = "1,2";
				TEST_TARGET_NAME = lab3;
			};
			name = Release;
		};
/* End XCBuildConfiguration section */

/* Begin XCConfigurationList section */
		3FB99A292AD5456200DCDA30 /* Build configuration list for PBXProject "lab3" */ = {
			isa = XCConfigurationList;
			buildConfigurations = (
				3FB99A502AD5456300DCDA30 /* Debug */,
				3FB99A512AD5456300DCDA30 /* Release */,
			);
			defaultConfigurationIsVisible = 0;
			defaultConfigurationName = Release;
		};
		3FB99A522AD5456300DCDA30 /* Build configuration list for PBXNativeTarget "lab3" */ = {
			isa = XCConfigurationList;
			buildConfigurations = (
				3FB99A532AD5456300DCDA30 /* Debug */,
				3FB99A542AD5456300DCDA30 /* Release */,
			);
			defaultConfigurationIsVisible = 0;
			defaultConfigurationName = Release;
		};
		3FB99A552AD5456300DCDA30 /* Build configuration list for PBXNativeTarget "lab3Tests" */ = {
			isa = XCConfigurationList;
			buildConfigurations = (
				3FB99A562AD5456300DCDA30 /* Debug */,
				3FB99A572AD5456300DCDA30 /* Release */,
			);
			defaultConfigurationIsVisible = 0;
			defaultConfigurationName = Release;
		};
		3FB99A582AD5456300DCDA30 /* Build configuration list for PBXNativeTarget "lab3UITests" */ = {
			isa = XCConfigurationList;
			buildConfigurations = (
				3FB99A592AD5456300DCDA30 /* Debug */,
				3FB99A5A2AD5456300DCDA30 /* Release */,
			);
			defaultConfigurationIsVisible = 0;
			defaultConfigurationName = Release;
		};
/* End XCConfigurationList section */
	};
	rootObject = 3FB99A262AD5456200DCDA30 /* Project object */;
}
